
Microsoft Visual Studio Solution File, Format Version 12.00
# Visual Studio Version 17
VisualStudioVersion = 17.10.34928.147
MinimumVisualStudioVersion = 10.0.40219.1
Project("{FAE04EC0-301F-11D3-BF4B-00C04F79EFBC}") = "Test_API", "Test_API.csproj", "{A154B013-7B1B-4E39-906A-72D75D6BB8C0}"
EndProject
Global
	GlobalSection(SolutionConfigurationPlatforms) = preSolution
		Debug|Any CPU = Debug|Any CPU
		Release|Any CPU = Release|Any CPU
	EndGlobalSection
	GlobalSection(ProjectConfigurationPlatforms) = postSolution
		{A154B013-7B1B-4E39-906A-72D75D6BB8C0}.Debug|Any CPU.ActiveCfg = Debug|Any CPU
		{A154B013-7B1B-4E39-906A-72D75D6BB8C0}.Debug|Any CPU.Build.0 = Debug|Any CPU
		{A154B013-7B1B-4E39-906A-72D75D6BB8C0}.Release|Any CPU.ActiveCfg = Release|Any CPU
		{A154B013-7B1B-4E39-906A-72D75D6BB8C0}.Release|Any CPU.Build.0 = Release|Any CPU
	EndGlobalSection
	GlobalSection(SolutionProperties) = preSolution
		HideSolutionNode = FALSE
	EndGlobalSection
	GlobalSection(ExtensibilityGlobals) = postSolution
		SolutionGuid = {6BBC621F-A0B4-477C-92D1-773863F9D241}
	EndGlobalSection
EndGlobal
